{
  "requires": true,
  "lockfileVersion": 1,
  "dependencies": {
    "@types/node": {
      "version": "14.14.11",
      "resolved": "https://registry.npmjs.org/@types/node/-/node-14.14.11.tgz",
      "integrity": "sha512-BJ97wAUuU3NUiUCp44xzUFquQEvnk1wu7q4CMEUYKJWjdkr0YWYDsm4RFtAvxYsNjLsKcrFt6RvK8r+mnzMbEQ==",
      "dev": true
    },
    "esbuild": {
      "version": "0.8.21",
      "resolved": "https://registry.npmjs.org/esbuild/-/esbuild-0.8.21.tgz",
      "integrity": "sha512-vRRx5MZmiekw2R7jK5BppvBUFCJA0Zkl0wYxrDmyUvMPBcQC/xJvxJUM4R+Hgjgb3gp5P1W655AsuoqDeQQDVw=="
    }
  }
}
